
Microsoft Visual Studio Solution File, Format Version 12.00
# Visual Studio Version 16
VisualStudioVersion = 16.0.32106.194
MinimumVisualStudioVersion = 10.0.40219.1
Project("{8BC9CEB8-8B4A-11D0-8D11-00A0C91BC942}") = "oopp1", "oopp1\oopp1.vcxproj", "{A57EC220-010A-4264-A15F-25373F128509}"
EndProject
Project("{8BC9CEB8-8B4A-11D0-8D11-00A0C91BC942}") = "oopp2", "oopp2\oopp2.vcxproj", "{5EAA7159-1F39-4A3A-9C27-6271C9F76A54}"
EndProject
Project("{8BC9CEB8-8B4A-11D0-8D11-00A0C91BC942}") = "oopp3", "oopp3\oopp3.vcxproj", "{C77B307D-6D0A-4777-9A2D-5EF1F381E662}"
EndProject
Project("{8BC9CEB8-8B4A-11D0-8D11-00A0C91BC942}") = "oopp4", "oopp4\oopp4.vcxproj", "{D194475A-810F-4857-92BF-D5D240C38716}"
EndProject
Project("{8BC9CEB8-8B4A-11D0-8D11-00A0C91BC942}") = "oopp5", "oopp5\oopp5.vcxproj", "{905FAE63-3CC3-4E96-89C2-AD04FBF59DD2}"
EndProject
Project("{8BC9CEB8-8B4A-11D0-8D11-00A0C91BC942}") = "oopp6", "oopp6\oopp6.vcxproj", "{C9CDC1EC-3D77-4266-8FD3-E4004B5C78B3}"
EndProject
Project("{8BC9CEB8-8B4A-11D0-8D11-00A0C91BC942}") = "oopp7", "oopp7\oopp7.vcxproj", "{0AF961A1-A56A-4884-812C-2F9E9DDA5C44}"
EndProject
Project("{8BC9CEB8-8B4A-11D0-8D11-00A0C91BC942}") = "oopp8", "oopp8\oopp8.vcxproj", "{9BDF2A30-244E-4A35-9F95-4430D5E45A0A}"
EndProject
Project("{8BC9CEB8-8B4A-11D0-8D11-00A0C91BC942}") = "oopp9", "oopp9\oopp9.vcxproj", "{677EC304-69BC-4AA9-AF66-5CE1ABC09A28}"
EndProject
Project("{8BC9CEB8-8B4A-11D0-8D11-00A0C91BC942}") = "oopp10", "oopp10\oopp10.vcxproj", "{5592B6A3-AE32-45F3-ADF2-F1BBE6435F2F}"
EndProject
Project("{8BC9CEB8-8B4A-11D0-8D11-00A0C91BC942}") = "oopp11", "oopp11\oopp11.vcxproj", "{79905FC7-906F-47FC-8516-4BF398BBF7D8}"
EndProject
Project("{8BC9CEB8-8B4A-11D0-8D11-00A0C91BC942}") = "oopp12", "oopp12\oopp12.vcxproj", "{1D895133-5F9F-4346-B473-AA76D399118C}"
EndProject
Project("{8BC9CEB8-8B4A-11D0-8D11-00A0C91BC942}") = "oopp13", "oopp13\oopp13.vcxproj", "{FCFADD47-9C39-430B-BD74-2685EBEFC0C9}"
EndProject
Global
	GlobalSection(SolutionConfigurationPlatforms) = preSolution
		Debug|x64 = Debug|x64
		Debug|x86 = Debug|x86
		Release|x64 = Release|x64
		Release|x86 = Release|x86
	EndGlobalSection
	GlobalSection(ProjectConfigurationPlatforms) = postSolution
		{A57EC220-010A-4264-A15F-25373F128509}.Debug|x64.ActiveCfg = Debug|x64
		{A57EC220-010A-4264-A15F-25373F128509}.Debug|x64.Build.0 = Debug|x64
		{A57EC220-010A-4264-A15F-25373F128509}.Debug|x86.ActiveCfg = Debug|Win32
		{A57EC220-010A-4264-A15F-25373F128509}.Debug|x86.Build.0 = Debug|Win32
		{A57EC220-010A-4264-A15F-25373F128509}.Release|x64.ActiveCfg = Release|x64
		{A57EC220-010A-4264-A15F-25373F128509}.Release|x64.Build.0 = Release|x64
		{A57EC220-010A-4264-A15F-25373F128509}.Release|x86.ActiveCfg = Release|Win32
		{A57EC220-010A-4264-A15F-25373F128509}.Release|x86.Build.0 = Release|Win32
		{5EAA7159-1F39-4A3A-9C27-6271C9F76A54}.Debug|x64.ActiveCfg = Debug|x64
		{5EAA7159-1F39-4A3A-9C27-6271C9F76A54}.Debug|x64.Build.0 = Debug|x64
		{5EAA7159-1F39-4A3A-9C27-6271C9F76A54}.Debug|x86.ActiveCfg = Debug|Win32
		{5EAA7159-1F39-4A3A-9C27-6271C9F76A54}.Debug|x86.Build.0 = Debug|Win32
		{5EAA7159-1F39-4A3A-9C27-6271C9F76A54}.Release|x64.ActiveCfg = Release|x64
		{5EAA7159-1F39-4A3A-9C27-6271C9F76A54}.Release|x64.Build.0 = Release|x64
		{5EAA7159-1F39-4A3A-9C27-6271C9F76A54}.Release|x86.ActiveCfg = Release|Win32
		{5EAA7159-1F39-4A3A-9C27-6271C9F76A54}.Release|x86.Build.0 = Release|Win32
		{C77B307D-6D0A-4777-9A2D-5EF1F381E662}.Debug|x64.ActiveCfg = Debug|x64
		{C77B307D-6D0A-4777-9A2D-5EF1F381E662}.Debug|x64.Build.0 = Debug|x64
		{C77B307D-6D0A-4777-9A2D-5EF1F381E662}.Debug|x86.ActiveCfg = Debug|Win32
		{C77B307D-6D0A-4777-9A2D-5EF1F381E662}.Debug|x86.Build.0 = Debug|Win32
		{C77B307D-6D0A-4777-9A2D-5EF1F381E662}.Release|x64.ActiveCfg = Release|x64
		{C77B307D-6D0A-4777-9A2D-5EF1F381E662}.Release|x64.Build.0 = Release|x64
		{C77B307D-6D0A-4777-9A2D-5EF1F381E662}.Release|x86.ActiveCfg = Release|Win32
		{C77B307D-6D0A-4777-9A2D-5EF1F381E662}.Release|x86.Build.0 = Release|Win32
		{D194475A-810F-4857-92BF-D5D240C38716}.Debug|x64.ActiveCfg = Debug|x64
		{D194475A-810F-4857-92BF-D5D240C38716}.Debug|x64.Build.0 = Debug|x64
		{D194475A-810F-4857-92BF-D5D240C38716}.Debug|x86.ActiveCfg = Debug|Win32
		{D194475A-810F-4857-92BF-D5D240C38716}.Debug|x86.Build.0 = Debug|Win32
		{D194475A-810F-4857-92BF-D5D240C38716}.Release|x64.ActiveCfg = Release|x64
		{D194475A-810F-4857-92BF-D5D240C38716}.Release|x64.Build.0 = Release|x64
		{D194475A-810F-4857-92BF-D5D240C38716}.Release|x86.ActiveCfg = Release|Win32
		{D194475A-810F-4857-92BF-D5D240C38716}.Release|x86.Build.0 = Release|Win32
		{905FAE63-3CC3-4E96-89C2-AD04FBF59DD2}.Debug|x64.ActiveCfg = Debug|x64
		{905FAE63-3CC3-4E96-89C2-AD04FBF59DD2}.Debug|x64.Build.0 = Debug|x64
		{905FAE63-3CC3-4E96-89C2-AD04FBF59DD2}.Debug|x86.ActiveCfg = Debug|Win32
		{905FAE63-3CC3-4E96-89C2-AD04FBF59DD2}.Debug|x86.Build.0 = Debug|Win32
		{905FAE63-3CC3-4E96-89C2-AD04FBF59DD2}.Release|x64.ActiveCfg = Release|x64
		{905FAE63-3CC3-4E96-89C2-AD04FBF59DD2}.Release|x64.Build.0 = Release|x64
		{905FAE63-3CC3-4E96-89C2-AD04FBF59DD2}.Release|x86.ActiveCfg = Release|Win32
		{905FAE63-3CC3-4E96-89C2-AD04FBF59DD2}.Release|x86.Build.0 = Release|Win32
		{C9CDC1EC-3D77-4266-8FD3-E4004B5C78B3}.Debug|x64.ActiveCfg = Debug|x64
		{C9CDC1EC-3D77-4266-8FD3-E4004B5C78B3}.Debug|x64.Build.0 = Debug|x64
		{C9CDC1EC-3D77-4266-8FD3-E4004B5C78B3}.Debug|x86.ActiveCfg = Debug|Win32
		{C9CDC1EC-3D77-4266-8FD3-E4004B5C78B3}.Debug|x86.Build.0 = Debug|Win32
		{C9CDC1EC-3D77-4266-8FD3-E4004B5C78B3}.Release|x64.ActiveCfg = Release|x64
		{C9CDC1EC-3D77-4266-8FD3-E4004B5C78B3}.Release|x64.Build.0 = Release|x64
		{C9CDC1EC-3D77-4266-8FD3-E4004B5C78B3}.Release|x86.ActiveCfg = Release|Win32
		{C9CDC1EC-3D77-4266-8FD3-E4004B5C78B3}.Release|x86.Build.0 = Release|Win32
		{0AF961A1-A56A-4884-812C-2F9E9DDA5C44}.Debug|x64.ActiveCfg = Debug|x64
		{0AF961A1-A56A-4884-812C-2F9E9DDA5C44}.Debug|x64.Build.0 = Debug|x64
		{0AF961A1-A56A-4884-812C-2F9E9DDA5C44}.Debug|x86.ActiveCfg = Debug|Win32
		{0AF961A1-A56A-4884-812C-2F9E9DDA5C44}.Debug|x86.Build.0 = Debug|Win32
		{0AF961A1-A56A-4884-812C-2F9E9DDA5C44}.Release|x64.ActiveCfg = Release|x64
		{0AF961A1-A56A-4884-812C-2F9E9DDA5C44}.Release|x64.Build.0 = Release|x64
		{0AF961A1-A56A-4884-812C-2F9E9DDA5C44}.Release|x86.ActiveCfg = Release|Win32
		{0AF961A1-A56A-4884-812C-2F9E9DDA5C44}.Release|x86.Build.0 = Release|Win32
		{9BDF2A30-244E-4A35-9F95-4430D5E45A0A}.Debug|x64.ActiveCfg = Debug|x64
		{9BDF2A30-244E-4A35-9F95-4430D5E45A0A}.Debug|x64.Build.0 = Debug|x64
		{9BDF2A30-244E-4A35-9F95-4430D5E45A0A}.Debug|x86.ActiveCfg = Debug|Win32
		{9BDF2A30-244E-4A35-9F95-4430D5E45A0A}.Debug|x86.Build.0 = Debug|Win32
		{9BDF2A30-244E-4A35-9F95-4430D5E45A0A}.Release|x64.ActiveCfg = Release|x64
		{9BDF2A30-244E-4A35-9F95-4430D5E45A0A}.Release|x64.Build.0 = Release|x64
		{9BDF2A30-244E-4A35-9F95-4430D5E45A0A}.Release|x86.ActiveCfg = Release|Win32
		{9BDF2A30-244E-4A35-9F95-4430D5E45A0A}.Release|x86.Build.0 = Release|Win32
		{677EC304-69BC-4AA9-AF66-5CE1ABC09A28}.Debug|x64.ActiveCfg = Debug|x64
		{677EC304-69BC-4AA9-AF66-5CE1ABC09A28}.Debug|x64.Build.0 = Debug|x64
		{677EC304-69BC-4AA9-AF66-5CE1ABC09A28}.Debug|x86.ActiveCfg = Debug|Win32
		{677EC304-69BC-4AA9-AF66-5CE1ABC09A28}.Debug|x86.Build.0 = Debug|Win32
		{677EC304-69BC-4AA9-AF66-5CE1ABC09A28}.Release|x64.ActiveCfg = Release|x64
		{677EC304-69BC-4AA9-AF66-5CE1ABC09A28}.Release|x64.Build.0 = Release|x64
		{677EC304-69BC-4AA9-AF66-5CE1ABC09A28}.Release|x86.ActiveCfg = Release|Win32
		{677EC304-69BC-4AA9-AF66-5CE1ABC09A28}.Release|x86.Build.0 = Release|Win32
		{5592B6A3-AE32-45F3-ADF2-F1BBE6435F2F}.Debug|x64.ActiveCfg = Debug|x64
		{5592B6A3-AE32-45F3-ADF2-F1BBE6435F2F}.Debug|x64.Build.0 = Debug|x64
		{5592B6A3-AE32-45F3-ADF2-F1BBE6435F2F}.Debug|x86.ActiveCfg = Debug|Win32
		{5592B6A3-AE32-45F3-ADF2-F1BBE6435F2F}.Debug|x86.Build.0 = Debug|Win32
		{5592B6A3-AE32-45F3-ADF2-F1BBE6435F2F}.Release|x64.ActiveCfg = Release|x64
		{5592B6A3-AE32-45F3-ADF2-F1BBE6435F2F}.Release|x64.Build.0 = Release|x64
		{5592B6A3-AE32-45F3-ADF2-F1BBE6435F2F}.Release|x86.ActiveCfg = Release|Win32
		{5592B6A3-AE32-45F3-ADF2-F1BBE6435F2F}.Release|x86.Build.0 = Release|Win32
		{79905FC7-906F-47FC-8516-4BF398BBF7D8}.Debug|x64.ActiveCfg = Debug|x64
		{79905FC7-906F-47FC-8516-4BF398BBF7D8}.Debug|x64.Build.0 = Debug|x64
		{79905FC7-906F-47FC-8516-4BF398BBF7D8}.Debug|x86.ActiveCfg = Debug|Win32
		{79905FC7-906F-47FC-8516-4BF398BBF7D8}.Debug|x86.Build.0 = Debug|Win32
		{79905FC7-906F-47FC-8516-4BF398BBF7D8}.Release|x64.ActiveCfg = Release|x64
		{79905FC7-906F-47FC-8516-4BF398BBF7D8}.Release|x64.Build.0 = Release|x64
		{79905FC7-906F-47FC-8516-4BF398BBF7D8}.Release|x86.ActiveCfg = Release|Win32
		{79905FC7-906F-47FC-8516-4BF398BBF7D8}.Release|x86.Build.0 = Release|Win32
		{1D895133-5F9F-4346-B473-AA76D399118C}.Debug|x64.ActiveCfg = Debug|x64
		{1D895133-5F9F-4346-B473-AA76D399118C}.Debug|x64.Build.0 = Debug|x64
		{1D895133-5F9F-4346-B473-AA76D399118C}.Debug|x86.ActiveCfg = Debug|Win32
		{1D895133-5F9F-4346-B473-AA76D399118C}.Debug|x86.Build.0 = Debug|Win32
		{1D895133-5F9F-4346-B473-AA76D399118C}.Release|x64.ActiveCfg = Release|x64
		{1D895133-5F9F-4346-B473-AA76D399118C}.Release|x64.Build.0 = Release|x64
		{1D895133-5F9F-4346-B473-AA76D399118C}.Release|x86.ActiveCfg = Release|Win32
		{1D895133-5F9F-4346-B473-AA76D399118C}.Release|x86.Build.0 = Release|Win32
		{FCFADD47-9C39-430B-BD74-2685EBEFC0C9}.Debug|x64.ActiveCfg = Debug|x64
		{FCFADD47-9C39-430B-BD74-2685EBEFC0C9}.Debug|x64.Build.0 = Debug|x64
		{FCFADD47-9C39-430B-BD74-2685EBEFC0C9}.Debug|x86.ActiveCfg = Debug|Win32
		{FCFADD47-9C39-430B-BD74-2685EBEFC0C9}.Debug|x86.Build.0 = Debug|Win32
		{FCFADD47-9C39-430B-BD74-2685EBEFC0C9}.Release|x64.ActiveCfg = Release|x64
		{FCFADD47-9C39-430B-BD74-2685EBEFC0C9}.Release|x64.Build.0 = Release|x64
		{FCFADD47-9C39-430B-BD74-2685EBEFC0C9}.Release|x86.ActiveCfg = Release|Win32
		{FCFADD47-9C39-430B-BD74-2685EBEFC0C9}.Release|x86.Build.0 = Release|Win32
	EndGlobalSection
	GlobalSection(SolutionProperties) = preSolution
		HideSolutionNode = FALSE
	EndGlobalSection
	GlobalSection(ExtensibilityGlobals) = postSolution
		SolutionGuid = {00772C37-4696-460E-B7C7-D004A1B4146E}
	EndGlobalSection
EndGlobal
